
Microsoft Visual Studio Solution File, Format Version 12.00
# Visual Studio Version 17
VisualStudioVersion = 17.2.32630.192
MinimumVisualStudioVersion = 10.0.40219.1
Project("{2150E333-8FDC-42A3-9474-1A3956D46DE8}") = "Web", "Web", "{8F7E1D70-96DD-4E86-9D06-674C91B20E0D}"
EndProject
Project("{2150E333-8FDC-42A3-9474-1A3956D46DE8}") = "Commons", "Commons", "{79979F81-2906-4DBF-A503-C9B8EFFBA4D0}"
EndProject
Project("{2150E333-8FDC-42A3-9474-1A3956D46DE8}") = "Tests", "Tests", "{5371BE6A-32EC-4070-97BE-31E84EA8E99A}"
EndProject
Project("{2150E333-8FDC-42A3-9474-1A3956D46DE8}") = "Data", "Data", "{5A6B6EF7-DFF4-4DF7-B2E6-8F2CB3B561ED}"
EndProject
Project("{2150E333-8FDC-42A3-9474-1A3956D46DE8}") = "Services", "Services", "{FD11AD8C-20BC-4AAD-ACA0-07730948A8E8}"
EndProject
Project("{FAE04EC0-301F-11D3-BF4B-00C04F79EFBC}") = "WebStore.Commons", "Commons\WebStore.Commons\WebStore.Commons.csproj", "{140CC7A0-AA2E-4C2D-B681-F6C057591D34}"
EndProject
Project("{FAE04EC0-301F-11D3-BF4B-00C04F79EFBC}") = "WebStore.Data", "Data\WebStore.Data\WebStore.Data.csproj", "{45FAAA1D-058C-460B-9793-789393FE4FDA}"
EndProject
Project("{FAE04EC0-301F-11D3-BF4B-00C04F79EFBC}") = "WebStore.Data.Models", "Data\WebStore.Data.Models\WebStore.Data.Models.csproj", "{20F8C789-1EE9-405D-A7EC-9CB81C5FD102}"
EndProject
Project("{FAE04EC0-301F-11D3-BF4B-00C04F79EFBC}") = "WebStore.Services", "Services\WebStore.Services\WebStore.Services.csproj", "{11F759D3-5BAD-4D28-8172-D7C56728F47F}"
EndProject
Project("{FAE04EC0-301F-11D3-BF4B-00C04F79EFBC}") = "WebStore.Services.Mapping", "Services\WebStore.Services.Mapping\WebStore.Services.Mapping.csproj", "{EFE6FC59-43A9-4881-A473-B17237B1C9D9}"
EndProject
Project("{FAE04EC0-301F-11D3-BF4B-00C04F79EFBC}") = "WebStore.Services.Models", "Services\WebStore.Services.Models\WebStore.Services.Models.csproj", "{E6C717BA-4673-4B37-B71C-0D7F6CE30CA1}"
EndProject
Project("{FAE04EC0-301F-11D3-BF4B-00C04F79EFBC}") = "WebStore.Services.Tests", "Tests\WebStore.Services.Tests\WebStore.Services.Tests.csproj", "{487D7174-896C-49C3-86AC-9C1EF28543A2}"
EndProject
Project("{FAE04EC0-301F-11D3-BF4B-00C04F79EFBC}") = "WebStore.Web.InputModels", "Web\WebStore.Web.InputModels\WebStore.Web.InputModels.csproj", "{5CD38A6B-F0E0-4569-BE6D-455F2E170B5B}"
EndProject
Project("{FAE04EC0-301F-11D3-BF4B-00C04F79EFBC}") = "WebStore.Web.ViewModels", "Web\WebStore.Web.ViewModels\WebStore.Web.ViewModels.csproj", "{BD2BAA7B-F445-4073-853E-6AA807B66425}"
EndProject
Project("{FAE04EC0-301F-11D3-BF4B-00C04F79EFBC}") = "WebStore.Web", "Web\WebStore.Web\WebStore.Web.csproj", "{08775260-64AF-4BFB-81E3-B97A8B987C43}"
EndProject
Global
	GlobalSection(SolutionConfigurationPlatforms) = preSolution
		Debug|Any CPU = Debug|Any CPU
		Release|Any CPU = Release|Any CPU
	EndGlobalSection
	GlobalSection(ProjectConfigurationPlatforms) = postSolution
		{140CC7A0-AA2E-4C2D-B681-F6C057591D34}.Debug|Any CPU.ActiveCfg = Debug|Any CPU
		{140CC7A0-AA2E-4C2D-B681-F6C057591D34}.Debug|Any CPU.Build.0 = Debug|Any CPU
		{140CC7A0-AA2E-4C2D-B681-F6C057591D34}.Release|Any CPU.ActiveCfg = Release|Any CPU
		{140CC7A0-AA2E-4C2D-B681-F6C057591D34}.Release|Any CPU.Build.0 = Release|Any CPU
		{45FAAA1D-058C-460B-9793-789393FE4FDA}.Debug|Any CPU.ActiveCfg = Debug|Any CPU
		{45FAAA1D-058C-460B-9793-789393FE4FDA}.Debug|Any CPU.Build.0 = Debug|Any CPU
		{45FAAA1D-058C-460B-9793-789393FE4FDA}.Release|Any CPU.ActiveCfg = Release|Any CPU
		{45FAAA1D-058C-460B-9793-789393FE4FDA}.Release|Any CPU.Build.0 = Release|Any CPU
		{20F8C789-1EE9-405D-A7EC-9CB81C5FD102}.Debug|Any CPU.ActiveCfg = Debug|Any CPU
		{20F8C789-1EE9-405D-A7EC-9CB81C5FD102}.Debug|Any CPU.Build.0 = Debug|Any CPU
		{20F8C789-1EE9-405D-A7EC-9CB81C5FD102}.Release|Any CPU.ActiveCfg = Release|Any CPU
		{20F8C789-1EE9-405D-A7EC-9CB81C5FD102}.Release|Any CPU.Build.0 = Release|Any CPU
		{11F759D3-5BAD-4D28-8172-D7C56728F47F}.Debug|Any CPU.ActiveCfg = Debug|Any CPU
		{11F759D3-5BAD-4D28-8172-D7C56728F47F}.Debug|Any CPU.Build.0 = Debug|Any CPU
		{11F759D3-5BAD-4D28-8172-D7C56728F47F}.Release|Any CPU.ActiveCfg = Release|Any CPU
		{11F759D3-5BAD-4D28-8172-D7C56728F47F}.Release|Any CPU.Build.0 = Release|Any CPU
		{EFE6FC59-43A9-4881-A473-B17237B1C9D9}.Debug|Any CPU.ActiveCfg = Debug|Any CPU
		{EFE6FC59-43A9-4881-A473-B17237B1C9D9}.Debug|Any CPU.Build.0 = Debug|Any CPU
		{EFE6FC59-43A9-4881-A473-B17237B1C9D9}.Release|Any CPU.ActiveCfg = Release|Any CPU
		{EFE6FC59-43A9-4881-A473-B17237B1C9D9}.Release|Any CPU.Build.0 = Release|Any CPU
		{E6C717BA-4673-4B37-B71C-0D7F6CE30CA1}.Debug|Any CPU.ActiveCfg = Debug|Any CPU
		{E6C717BA-4673-4B37-B71C-0D7F6CE30CA1}.Debug|Any CPU.Build.0 = Debug|Any CPU
		{E6C717BA-4673-4B37-B71C-0D7F6CE30CA1}.Release|Any CPU.ActiveCfg = Release|Any CPU
		{E6C717BA-4673-4B37-B71C-0D7F6CE30CA1}.Release|Any CPU.Build.0 = Release|Any CPU
		{487D7174-896C-49C3-86AC-9C1EF28543A2}.Debug|Any CPU.ActiveCfg = Debug|Any CPU
		{487D7174-896C-49C3-86AC-9C1EF28543A2}.Debug|Any CPU.Build.0 = Debug|Any CPU
		{487D7174-896C-49C3-86AC-9C1EF28543A2}.Release|Any CPU.ActiveCfg = Release|Any CPU
		{487D7174-896C-49C3-86AC-9C1EF28543A2}.Release|Any CPU.Build.0 = Release|Any CPU
		{5CD38A6B-F0E0-4569-BE6D-455F2E170B5B}.Debug|Any CPU.ActiveCfg = Debug|Any CPU
		{5CD38A6B-F0E0-4569-BE6D-455F2E170B5B}.Debug|Any CPU.Build.0 = Debug|Any CPU
		{5CD38A6B-F0E0-4569-BE6D-455F2E170B5B}.Release|Any CPU.ActiveCfg = Release|Any CPU
		{5CD38A6B-F0E0-4569-BE6D-455F2E170B5B}.Release|Any CPU.Build.0 = Release|Any CPU
		{BD2BAA7B-F445-4073-853E-6AA807B66425}.Debug|Any CPU.ActiveCfg = Debug|Any CPU
		{BD2BAA7B-F445-4073-853E-6AA807B66425}.Debug|Any CPU.Build.0 = Debug|Any CPU
		{BD2BAA7B-F445-4073-853E-6AA807B66425}.Release|Any CPU.ActiveCfg = Release|Any CPU
		{BD2BAA7B-F445-4073-853E-6AA807B66425}.Release|Any CPU.Build.0 = Release|Any CPU
		{08775260-64AF-4BFB-81E3-B97A8B987C43}.Debug|Any CPU.ActiveCfg = Debug|Any CPU
		{08775260-64AF-4BFB-81E3-B97A8B987C43}.Debug|Any CPU.Build.0 = Debug|Any CPU
		{08775260-64AF-4BFB-81E3-B97A8B987C43}.Release|Any CPU.ActiveCfg = Release|Any CPU
		{08775260-64AF-4BFB-81E3-B97A8B987C43}.Release|Any CPU.Build.0 = Release|Any CPU
	EndGlobalSection
	GlobalSection(SolutionProperties) = preSolution
		HideSolutionNode = FALSE
	EndGlobalSection
	GlobalSection(NestedProjects) = preSolution
		{140CC7A0-AA2E-4C2D-B681-F6C057591D34} = {79979F81-2906-4DBF-A503-C9B8EFFBA4D0}
		{45FAAA1D-058C-460B-9793-789393FE4FDA} = {5A6B6EF7-DFF4-4DF7-B2E6-8F2CB3B561ED}
		{20F8C789-1EE9-405D-A7EC-9CB81C5FD102} = {5A6B6EF7-DFF4-4DF7-B2E6-8F2CB3B561ED}
		{11F759D3-5BAD-4D28-8172-D7C56728F47F} = {FD11AD8C-20BC-4AAD-ACA0-07730948A8E8}
		{EFE6FC59-43A9-4881-A473-B17237B1C9D9} = {FD11AD8C-20BC-4AAD-ACA0-07730948A8E8}
		{E6C717BA-4673-4B37-B71C-0D7F6CE30CA1} = {FD11AD8C-20BC-4AAD-ACA0-07730948A8E8}
		{487D7174-896C-49C3-86AC-9C1EF28543A2} = {5371BE6A-32EC-4070-97BE-31E84EA8E99A}
		{5CD38A6B-F0E0-4569-BE6D-455F2E170B5B} = {8F7E1D70-96DD-4E86-9D06-674C91B20E0D}
		{BD2BAA7B-F445-4073-853E-6AA807B66425} = {8F7E1D70-96DD-4E86-9D06-674C91B20E0D}
		{08775260-64AF-4BFB-81E3-B97A8B987C43} = {8F7E1D70-96DD-4E86-9D06-674C91B20E0D}
	EndGlobalSection
	GlobalSection(ExtensibilityGlobals) = postSolution
		SolutionGuid = {45D417B9-B6B8-4E49-A949-AAA2C72B9956}
	EndGlobalSection
EndGlobal
